// !$*UTF8*$!
{
	archiveVersion = 1;
	classes = {
	};
	objectVersion = 48;
	objects = {

/* Begin PBXBuildFile section */
		BE74531320A9F837005CCA22 /* RatingControl.swift in Sources */ = {isa = PBXBuildFile; fileRef = BE74531220A9F837005CCA22 /* RatingControl.swift */; };
		BEF20B7320A20992005FABE3 /* AppDelegate.swift in Sources */ = {isa = PBXBuildFile; fileRef = BEF20B7220A20992005FABE3 /* AppDelegate.swift */; };
		BEF20B7520A20992005FABE3 /* ViewController.swift in Sources */ = {isa = PBXBuildFile; fileRef = BEF20B7420A20992005FABE3 /* ViewController.swift */; };
		BEF20B7820A20992005FABE3 /* Main.storyboard in Resources */ = {isa = PBXBuildFile; fileRef = BEF20B7620A20992005FABE3 /* Main.storyboard */; };
		BEF20B7A20A20992005FABE3 /* Assets.xcassets in Resources */ = {isa = PBXBuildFile; fileRef = BEF20B7920A20992005FABE3 /* Assets.xcassets */; };
		BEF20B7D20A20992005FABE3 /* LaunchScreen.storyboard in Resources */ = {isa = PBXBuildFile; fileRef = BEF20B7B20A20992005FABE3 /* LaunchScreen.storyboard */; };
		BEF20B8820A20992005FABE3 /* Food_TrackerTests.swift in Sources */ = {isa = PBXBuildFile; fileRef = BEF20B8720A20992005FABE3 /* Food_TrackerTests.swift */; };
/* End PBXBuildFile section */

/* Begin PBXContainerItemProxy section */
		BEF20B8420A20992005FABE3 /* PBXContainerItemProxy */ = {
			isa = PBXContainerItemProxy;
			containerPortal = BEF20B6720A20992005FABE3 /* Project object */;
			proxyType = 1;
			remoteGlobalIDString = BEF20B6E20A20992005FABE3;
			remoteInfo = "Food Tracker";
		};
/* End PBXContainerItemProxy section */

/* Begin PBXFileReference section */
		BE74531220A9F837005CCA22 /* RatingControl.swift */ = {isa = PBXFileReference; lastKnownFileType = sourcecode.swift; path = RatingControl.swift; sourceTree = "<group>"; };
		BEF20B6F20A20992005FABE3 /* Food Tracker.app */ = {isa = PBXFileReference; explicitFileType = wrapper.application; includeInIndex = 0; path = "Food Tracker.app"; sourceTree = BUILT_PRODUCTS_DIR; };
		BEF20B7220A20992005FABE3 /* AppDelegate.swift */ = {isa = PBXFileReference; lastKnownFileType = sourcecode.swift; path = AppDelegate.swift; sourceTree = "<group>"; };
		BEF20B7420A20992005FABE3 /* ViewController.swift */ = {isa = PBXFileReference; lastKnownFileType = sourcecode.swift; path = ViewController.swift; sourceTree = "<group>"; };
		BEF20B7720A20992005FABE3 /* Base */ = {isa = PBXFileReference; lastKnownFileType = file.storyboard; name = Base; path = Base.lproj/Main.storyboard; sourceTree = "<group>"; };
		BEF20B7920A20992005FABE3 /* Assets.xcassets */ = {isa = PBXFileReference; lastKnownFileType = folder.assetcatalog; path = Assets.xcassets; sourceTree = "<group>"; };
		BEF20B7C20A20992005FABE3 /* Base */ = {isa = PBXFileReference; lastKnownFileType = file.storyboard; name = Base; path = Base.lproj/LaunchScreen.storyboard; sourceTree = "<group>"; };
		BEF20B7E20A20992005FABE3 /* Info.plist */ = {isa = PBXFileReference; lastKnownFileType = text.plist.xml; path = Info.plist; sourceTree = "<group>"; };
		BEF20B8320A20992005FABE3 /* Food TrackerTests.xctest */ = {isa = PBXFileReference; explicitFileType = wrapper.cfbundle; includeInIndex = 0; path = "Food TrackerTests.xctest"; sourceTree = BUILT_PRODUCTS_DIR; };
		BEF20B8720A20992005FABE3 /* Food_TrackerTests.swift */ = {isa = PBXFileReference; lastKnownFileType = sourcecode.swift; path = Food_TrackerTests.swift; sourceTree = "<group>"; };
		BEF20B8920A20992005FABE3 /* Info.plist */ = {isa = PBXFileReference; lastKnownFileType = text.plist.xml; path = Info.plist; sourceTree = "<group>"; };
/* End PBXFileReference section */

/* Begin PBXFrameworksBuildPhase section */
		BEF20B6C20A20992005FABE3 /* Frameworks */ = {
			isa = PBXFrameworksBuildPhase;
			buildActionMask = 2147483647;
			files = (
			);
			runOnlyForDeploymentPostprocessing = 0;
		};
		BEF20B8020A20992005FABE3 /* Frameworks */ = {
			isa = PBXFrameworksBuildPhase;
			buildActionMask = 2147483647;
			files = (
			);
			runOnlyForDeploymentPostprocessing = 0;
		};
/* End PBXFrameworksBuildPhase section */

/* Begin PBXGroup section */
		BEF20B6620A20992005FABE3 = {
			isa = PBXGroup;
			children = (
				BEF20B7120A20992005FABE3 /* Food Tracker */,
				BEF20B8620A20992005FABE3 /* Food TrackerTests */,
				BEF20B7020A20992005FABE3 /* Products */,
			);
			sourceTree = "<group>";
		};
		BEF20B7020A20992005FABE3 /* Products */ = {
			isa = PBXGroup;
			children = (
				BEF20B6F20A20992005FABE3 /* Food Tracker.app */,
				BEF20B8320A20992005FABE3 /* Food TrackerTests.xctest */,
			);
			name = Products;
			sourceTree = "<group>";
		};
		BEF20B7120A20992005FABE3 /* Food Tracker */ = {
			isa = PBXGroup;
			children = (
				BEF20B7220A20992005FABE3 /* AppDelegate.swift */,
				BEF20B7420A20992005FABE3 /* ViewController.swift */,
				BEF20B7620A20992005FABE3 /* Main.storyboard */,
				BE74531220A9F837005CCA22 /* RatingControl.swift */,
				BEF20B7920A20992005FABE3 /* Assets.xcassets */,
				BEF20B7B20A20992005FABE3 /* LaunchScreen.storyboard */,
				BEF20B7E20A20992005FABE3 /* Info.plist */,
			);
			path = "Food Tracker";
			sourceTree = "<group>";
		};
		BEF20B8620A20992005FABE3 /* Food TrackerTests */ = {
			isa = PBXGroup;
			children = (
				BEF20B8720A20992005FABE3 /* Food_TrackerTests.swift */,
				BEF20B8920A20992005FABE3 /* Info.plist */,
			);
			path = "Food TrackerTests";
			sourceTree = "<group>";
		};
/* End PBXGroup section */

/* Begin PBXNativeTarget section */
		BEF20B6E20A20992005FABE3 /* Food Tracker */ = {
			isa = PBXNativeTarget;
			buildConfigurationList = BEF20B8C20A20992005FABE3 /* Build configuration list for PBXNativeTarget "Food Tracker" */;
			buildPhases = (
				BEF20B6B20A20992005FABE3 /* Sources */,
				BEF20B6C20A20992005FABE3 /* Frameworks */,
				BEF20B6D20A20992005FABE3 /* Resources */,
			);
			buildRules = (
			);
			dependencies = (
			);
			name = "Food Tracker";
			productName = "Food Tracker";
			productReference = BEF20B6F20A20992005FABE3 /* Food Tracker.app */;
			productType = "com.apple.product-type.application";
		};
		BEF20B8220A20992005FABE3 /* Food TrackerTests */ = {
			isa = PBXNativeTarget;
			buildConfigurationList = BEF20B8F20A20992005FABE3 /* Build configuration list for PBXNativeTarget "Food TrackerTests" */;
			buildPhases = (
				BEF20B7F20A20992005FABE3 /* Sources */,
				BEF20B8020A20992005FABE3 /* Frameworks */,
				BEF20B8120A20992005FABE3 /* Resources */,
			);
			buildRules = (
			);
			dependencies = (
				BEF20B8520A20992005FABE3 /* PBXTargetDependency */,
			);
			name = "Food TrackerTests";
			productName = "Food TrackerTests";
			productReference = BEF20B8320A20992005FABE3 /* Food TrackerTests.xctest */;
			productType = "com.apple.product-type.bundle.unit-test";
		};
/* End PBXNativeTarget section */

/* Begin PBXProject section */
		BEF20B6720A20992005FABE3 /* Project object */ = {
			isa = PBXProject;
			attributes = {
				LastSwiftUpdateCheck = 0920;
				LastUpgradeCheck = 0930;
				ORGANIZATIONNAME = "Freddy Lazo";
				TargetAttributes = {
					BEF20B6E20A20992005FABE3 = {
						CreatedOnToolsVersion = 9.2;
						ProvisioningStyle = Automatic;
					};
					BEF20B8220A20992005FABE3 = {
						CreatedOnToolsVersion = 9.2;
						ProvisioningStyle = Automatic;
						TestTargetID = BEF20B6E20A20992005FABE3;
					};
				};
			};
			buildConfigurationList = BEF20B6A20A20992005FABE3 /* Build configuration list for PBXProject "Food Tracker" */;
			compatibilityVersion = "Xcode 8.0";
			developmentRegion = en;
			hasScannedForEncodings = 0;
			knownRegions = (
				en,
				Base,
			);
			mainGroup = BEF20B6620A20992005FABE3;
			productRefGroup = BEF20B7020A20992005FABE3 /* Products */;
			projectDirPath = "";
			projectRoot = "";
			targets = (
				BEF20B6E20A20992005FABE3 /* Food Tracker */,
				BEF20B8220A20992005FABE3 /* Food TrackerTests */,
			);
		};
/* End PBXProject section */

/* Begin PBXResourcesBuildPhase section */
		BEF20B6D20A20992005FABE3 /* Resources */ = {
			isa = PBXResourcesBuildPhase;
			buildActionMask = 2147483647;
			files = (
				BEF20B7D20A20992005FABE3 /* LaunchScreen.storyboard in Resources */,
				BEF20B7A20A20992005FABE3 /* Assets.xcassets in Resources */,
				BEF20B7820A20992005FABE3 /* Main.storyboard in Resources */,
			);
			runOnlyForDeploymentPostprocessing = 0;
		};
		BEF20B8120A20992005FABE3 /* Resources */ = {
			isa = PBXResourcesBuildPhase;
			buildActionMask = 2147483647;
			files = (
			);
			runOnlyForDeploymentPostprocessing = 0;
		};
/* End PBXResourcesBuildPhase section */

/* Begin PBXSourcesBuildPhase section */
		BEF20B6B20A20992005FABE3 /* Sources */ = {
			isa = PBXSourcesBuildPhase;
			buildActionMask = 2147483647;
			files = (
				BEF20B7520A20992005FABE3 /* ViewController.swift in Sources */,
				BE74531320A9F837005CCA22 /* RatingControl.swift in Sources */,
				BEF20B7320A20992005FABE3 /* AppDelegate.swift in Sources */,
			);
			runOnlyForDeploymentPostprocessing = 0;
		};
		BEF20B7F20A20992005FABE3 /* Sources */ = {
			isa = PBXSourcesBuildPhase;
			buildActionMask = 2147483647;
			files = (
				BEF20B8820A20992005FABE3 /* Food_TrackerTests.swift in Sources */,
			);
			runOnlyForDeploymentPostprocessing = 0;
		};
/* End PBXSourcesBuildPhase section */

/* Begin PBXTargetDependency section */
		BEF20B8520A20992005FABE3 /* PBXTargetDependency */ = {
			isa = PBXTargetDependency;
			target = BEF20B6E20A20992005FABE3 /* Food Tracker */;
			targetProxy = BEF20B8420A20992005FABE3 /* PBXContainerItemProxy */;
		};
/* End PBXTargetDependency section */

/* Begin PBXVariantGroup section */
		BEF20B7620A20992005FABE3 /* Main.storyboard */ = {
			isa = PBXVariantGroup;
			children = (
				BEF20B7720A20992005FABE3 /* Base */,
			);
			name = Main.storyboard;
			sourceTree = "<group>";
		};
		BEF20B7B20A20992005FABE3 /* LaunchScreen.storyboard */ = {
			isa = PBXVariantGroup;
			children = (
				BEF20B7C20A20992005FABE3 /* Base */,
			);
			name = LaunchScreen.storyboard;
			sourceTree = "<group>";
		};
/* End PBXVariantGroup section */

/* Begin XCBuildConfiguration section */
		BEF20B8A20A20992005FABE3 /* Debug */ = {
			isa = XCBuildConfiguration;
			buildSettings = {
				ALWAYS_SEARCH_USER_PATHS = NO;
				CLANG_ANALYZER_NONNULL = YES;
				CLANG_ANALYZER_NUMBER_OBJECT_CONVERSION = YES_AGGRESSIVE;
				CLANG_CXX_LANGUAGE_STANDARD = "gnu++14";
				CLANG_CXX_LIBRARY = "libc++";
				CLANG_ENABLE_MODULES = YES;
				CLANG_ENABLE_OBJC_ARC = YES;
				CLANG_WARN_BLOCK_CAPTURE_AUTORELEASING = YES;
				CLANG_WARN_BOOL_CONVERSION = YES;
				CLANG_WARN_COMMA = YES;
				CLANG_WARN_CONSTANT_CONVERSION = YES;
				CLANG_WARN_DEPRECATED_OBJC_IMPLEMENTATIONS = YES;
				CLANG_WARN_DIRECT_OBJC_ISA_USAGE = YES_ERROR;
				CLANG_WARN_DOCUMENTATION_COMMENTS = YES;
				CLANG_WARN_EMPTY_BODY = YES;
				CLANG_WARN_ENUM_CONVERSION = YES;
				CLANG_WARN_INFINITE_RECURSION = YES;
				CLANG_WARN_INT_CONVERSION = YES;
				CLANG_WARN_NON_LITERAL_NULL_CONVERSION = YES;
				CLANG_WARN_OBJC_IMPLICIT_RETAIN_SELF = YES;
				CLANG_WARN_OBJC_LITERAL_CONVERSION = YES;
				CLANG_WARN_OBJC_ROOT_CLASS = YES_ERROR;
				CLANG_WARN_RANGE_LOOP_ANALYSIS = YES;
				CLANG_WARN_STRICT_PROTOTYPES = YES;
				CLANG_WARN_SUSPICIOUS_MOVE = YES;
				CLANG_WARN_UNGUARDED_AVAILABILITY = YES_AGGRESSIVE;
				CLANG_WARN_UNREACHABLE_CODE = YES;
				CLANG_WARN__DUPLICATE_METHOD_MATCH = YES;
				CODE_SIGN_IDENTITY = "iPhone Developer";
				COPY_PHASE_STRIP = NO;
				DEBUG_INFORMATION_FORMAT = dwarf;
				ENABLE_STRICT_OBJC_MSGSEND = YES;
				ENABLE_TESTABILITY = YES;
				GCC_C_LANGUAGE_STANDARD = gnu11;
				GCC_DYNAMIC_NO_PIC = NO;
				GCC_NO_COMMON_BLOCKS = YES;
				GCC_OPTIMIZATION_LEVEL = 0;
				GCC_PREPROCESSOR_DEFINITIONS = (
					"DEBUG=1",
					"$(inherited)",
				);
				GCC_WARN_64_TO_32_BIT_CONVERSION = YES;
				GCC_WARN_ABOUT_RETURN_TYPE = YES_ERROR;
				GCC_WARN_UNDECLARED_SELECTOR = YES;
				GCC_WARN_UNINITIALIZED_AUTOS = YES_AGGRESSIVE;
				GCC_WARN_UNUSED_FUNCTION = YES;
				GCC_WARN_UNUSED_VARIABLE = YES;
				IPHONEOS_DEPLOYMENT_TARGET = 11.2;
				MTL_ENABLE_DEBUG_INFO = YES;
				ONLY_ACTIVE_ARCH = YES;
				SDKROOT = iphoneos;
				SWIFT_ACTIVE_COMPILATION_CONDITIONS = DEBUG;
				SWIFT_OPTIMIZATION_LEVEL = "-Onone";
			};
			name = Debug;
		};
		BEF20B8B20A20992005FABE3 /* Release */ = {
			isa = XCBuildConfiguration;
			buildSettings = {
				ALWAYS_SEARCH_USER_PATHS = NO;
				CLANG_ANALYZER_NONNULL = YES;
				CLANG_ANALYZER_NUMBER_OBJECT_CONVERSION = YES_AGGRESSIVE;
				CLANG_CXX_LANGUAGE_STANDARD = "gnu++14";
				CLANG_CXX_LIBRARY = "libc++";
				CLANG_ENABLE_MODULES = YES;
				CLANG_ENABLE_OBJC_ARC = YES;
				CLANG_WARN_BLOCK_CAPTURE_AUTORELEASING = YES;
				CLANG_WARN_BOOL_CONVERSION = YES;
				CLANG_WARN_COMMA = YES;
				CLANG_WARN_CONSTANT_CONVERSION = YES;
				CLANG_WARN_DEPRECATED_OBJC_IMPLEMENTATIONS = YES;
				CLANG_WARN_DIRECT_OBJC_ISA_USAGE = YES_ERROR;
				CLANG_WARN_DOCUMENTATION_COMMENTS = YES;
				CLANG_WARN_EMPTY_BODY = YES;
				CLANG_WARN_ENUM_CONVERSION = YES;
				CLANG_WARN_INFINITE_RECURSION = YES;
				CLANG_WARN_INT_CONVERSION = YES;
				CLANG_WARN_NON_LITERAL_NULL_CONVERSION = YES;
				CLANG_WARN_OBJC_IMPLICIT_RETAIN_SELF = YES;
				CLANG_WARN_OBJC_LITERAL_CONVERSION = YES;
				CLANG_WARN_OBJC_ROOT_CLASS = YES_ERROR;
				CLANG_WARN_RANGE_LOOP_ANALYSIS = YES;
				CLANG_WARN_STRICT_PROTOTYPES = YES;
				CLANG_WARN_SUSPICIOUS_MOVE = YES;
				CLANG_WARN_UNGUARDED_AVAILABILITY = YES_AGGRESSIVE;
				CLANG_WARN_UNREACHABLE_CODE = YES;
				CLANG_WARN__DUPLICATE_METHOD_MATCH = YES;
				CODE_SIGN_IDENTITY = "iPhone Developer";
				COPY_PHASE_STRIP = NO;
				DEBUG_INFORMATION_FORMAT = "dwarf-with-dsym";
				ENABLE_NS_ASSERTIONS = NO;
				ENABLE_STRICT_OBJC_MSGSEND = YES;
				GCC_C_LANGUAGE_STANDARD = gnu11;
				GCC_NO_COMMON_BLOCKS = YES;
				GCC_WARN_64_TO_32_BIT_CONVERSION = YES;
				GCC_WARN_ABOUT_RETURN_TYPE = YES_ERROR;
				GCC_WARN_UNDECLARED_SELECTOR = YES;
				GCC_WARN_UNINITIALIZED_AUTOS = YES_AGGRESSIVE;
				GCC_WARN_UNUSED_FUNCTION = YES;
				GCC_WARN_UNUSED_VARIABLE = YES;
				IPHONEOS_DEPLOYMENT_TARGET = 11.2;
				MTL_ENABLE_DEBUG_INFO = NO;
				SDKROOT = iphoneos;
				SWIFT_OPTIMIZATION_LEVEL = "-Owholemodule";
				VALIDATE_PRODUCT = YES;
			};
			name = Release;
		};
		BEF20B8D20A20992005FABE3 /* Debug */ = {
			isa = XCBuildConfiguration;
			buildSettings = {
				ASSETCATALOG_COMPILER_APPICON_NAME = AppIcon;
				CODE_SIGN_STYLE = Automatic;
				DEVELOPMENT_TEAM = 3W947NBL82;
				INFOPLIST_FILE = "Food Tracker/Info.plist";
				LD_RUNPATH_SEARCH_PATHS = "$(inherited) @executable_path/Frameworks";
				PRODUCT_BUNDLE_IDENTIFIER = "com.example.Food-Tracker";
				PRODUCT_NAME = "$(TARGET_NAME)";
				SWIFT_VERSION = 4.0;
				TARGETED_DEVICE_FAMILY = "1,2";
			};
			name = Debug;
		};
		BEF20B8E20A20992005FABE3 /* Release */ = {
			isa = XCBuildConfiguration;
			buildSettings = {
				ASSETCATALOG_COMPILER_APPICON_NAME = AppIcon;
				CODE_SIGN_STYLE = Automatic;
				DEVELOPMENT_TEAM = 3W947NBL82;
				INFOPLIST_FILE = "Food Tracker/Info.plist";
				LD_RUNPATH_SEARCH_PATHS = "$(inherited) @executable_path/Frameworks";
				PRODUCT_BUNDLE_IDENTIFIER = "com.example.Food-Tracker";
				PRODUCT_NAME = "$(TARGET_NAME)";
				SWIFT_VERSION = 4.0;
				TARGETED_DEVICE_FAMILY = "1,2";
			};
			name = Release;
		};
		BEF20B9020A20992005FABE3 /* Debug */ = {
			isa = XCBuildConfiguration;
			buildSettings = {
				ALWAYS_EMBED_SWIFT_STANDARD_LIBRARIES = YES;
				BUNDLE_LOADER = "$(TEST_HOST)";
				CODE_SIGN_STYLE = Automatic;
				DEVELOPMENT_TEAM = 3W947NBL82;
				INFOPLIST_FILE = "Food TrackerTests/Info.plist";
				LD_RUNPATH_SEARCH_PATHS = "$(inherited) @executable_path/Frameworks @loader_path/Frameworks";
				PRODUCT_BUNDLE_IDENTIFIER = "com.example.Food-TrackerTests";
				PRODUCT_NAME = "$(TARGET_NAME)";
				SWIFT_VERSION = 4.0;
				TARGETED_DEVICE_FAMILY = "1,2";
				TEST_HOST = "$(BUILT_PRODUCTS_DIR)/Food Tracker.app/Food Tracker";
			};
			name = Debug;
		};
		BEF20B9120A20992005FABE3 /* Release */ = {
			isa = XCBuildConfiguration;
			buildSettings = {
				ALWAYS_EMBED_SWIFT_STANDARD_LIBRARIES = YES;
				BUNDLE_LOADER = "$(TEST_HOST)";
				CODE_SIGN_STYLE = Automatic;
				DEVELOPMENT_TEAM = 3W947NBL82;
				INFOPLIST_FILE = "Food TrackerTests/Info.plist";
				LD_RUNPATH_SEARCH_PATHS = "$(inherited) @executable_path/Frameworks @loader_path/Frameworks";
				PRODUCT_BUNDLE_IDENTIFIER = "com.example.Food-TrackerTests";
				PRODUCT_NAME = "$(TARGET_NAME)";
				SWIFT_VERSION = 4.0;
				TARGETED_DEVICE_FAMILY = "1,2";
				TEST_HOST = "$(BUILT_PRODUCTS_DIR)/Food Tracker.app/Food Tracker";
			};
			name = Release;
		};
/* End XCBuildConfiguration section */

/* Begin XCConfigurationList section */
		BEF20B6A20A20992005FABE3 /* Build configuration list for PBXProject "Food Tracker" */ = {
			isa = XCConfigurationList;
			buildConfigurations = (
				BEF20B8A20A20992005FABE3 /* Debug */,
				BEF20B8B20A20992005FABE3 /* Release */,
			);
			defaultConfigurationIsVisible = 0;
			defaultConfigurationName = Release;
		};
		BEF20B8C20A20992005FABE3 /* Build configuration list for PBXNativeTarget "Food Tracker" */ = {
			isa = XCConfigurationList;
			buildConfigurations = (
				BEF20B8D20A20992005FABE3 /* Debug */,
				BEF20B8E20A20992005FABE3 /* Release */,
			);
			defaultConfigurationIsVisible = 0;
			defaultConfigurationName = Release;
		};
		BEF20B8F20A20992005FABE3 /* Build configuration list for PBXNativeTarget "Food TrackerTests" */ = {
			isa = XCConfigurationList;
			buildConfigurations = (
				BEF20B9020A20992005FABE3 /* Debug */,
				BEF20B9120A20992005FABE3 /* Release */,
			);
			defaultConfigurationIsVisible = 0;
			defaultConfigurationName = Release;
		};
/* End XCConfigurationList section */
	};
	rootObject = BEF20B6720A20992005FABE3 /* Project object */;
}
